
Microsoft Visual Studio Solution File, Format Version 12.00
# Visual Studio Version 17
VisualStudioVersion = 17.8.34525.116
MinimumVisualStudioVersion = 10.0.40219.1
Project("{2150E333-8FDC-42A3-9474-1A3956D46DE8}") = "Services", "Services", "{9A4F9A23-3F70-4FC2-9B35-A077BF3BAD41}"
EndProject
Project("{2150E333-8FDC-42A3-9474-1A3956D46DE8}") = "Catalog", "Catalog", "{DCC709ED-17EE-4277-942F-98C9881F781C}"
EndProject
Project("{9A19103F-16F7-4668-BE54-9A1E7A4F7556}") = "Catalog.API", "Services\Catalog\Catalog.API\Catalog.API.csproj", "{F8CF4A87-00EE-43EC-BF9B-DCEECEE741A7}"
EndProject
Project("{2150E333-8FDC-42A3-9474-1A3956D46DE8}") = "BuildingBlocks", "BuildingBlocks", "{60A2C8AA-2538-4938-A2BE-537D4FD1F5B1}"
EndProject
Project("{9A19103F-16F7-4668-BE54-9A1E7A4F7556}") = "BuildingBlocks", "BuildingBlocks\BuildingBlocks\BuildingBlocks.csproj", "{44CA9EB8-7227-4E65-8B2A-E6DA8CB81D42}"
EndProject
Project("{E53339B2-1760-4266-BCC7-CA923CBCF16C}") = "docker-compose", "docker-compose.dcproj", "{AD2CD31E-F9CD-45E5-8CBB-DB27E171120F}"
EndProject
Project("{2150E333-8FDC-42A3-9474-1A3956D46DE8}") = "Basket", "Basket", "{D9EC266B-E2F9-4943-A66E-8642D3A39A85}"
EndProject
Project("{9A19103F-16F7-4668-BE54-9A1E7A4F7556}") = "Basket.API", "Services\Basket\Basket.API\Basket.API.csproj", "{18666365-388D-46B2-B912-31EE9DA913D6}"
EndProject
Project("{2150E333-8FDC-42A3-9474-1A3956D46DE8}") = "Ordering", "Ordering", "{CD5877A3-BBE0-4BC1-BEFF-8485C789A809}"
EndProject
Project("{9A19103F-16F7-4668-BE54-9A1E7A4F7556}") = "Ordering.API", "Services\Ordering\Ordering.API\Ordering.API.csproj", "{93D58F10-AD4B-4CB4-9542-344B136586BA}"
EndProject
Project("{9A19103F-16F7-4668-BE54-9A1E7A4F7556}") = "Ordering.Domain", "Services\Ordering\Ordering.Domain\Ordering.Domain.csproj", "{EDEACECA-72DC-4534-909B-7E92AA89F724}"
EndProject
Project("{9A19103F-16F7-4668-BE54-9A1E7A4F7556}") = "Ordering.Application", "Services\Ordering\Ordering.Application\Ordering.Application.csproj", "{A5E6D86A-FE75-432D-B5A0-ADF910CD1C22}"
EndProject
Project("{9A19103F-16F7-4668-BE54-9A1E7A4F7556}") = "Ordering.Infrastructure", "Services\Ordering\Ordering.Infrastructure\Ordering.Infrastructure.csproj", "{6B68AF18-5097-4481-9FCA-BA83E9424F03}"
EndProject
Project("{2150E333-8FDC-42A3-9474-1A3956D46DE8}") = "Discount", "Discount", "{7F562821-439F-4B15-A493-4AADE36FAC4F}"
EndProject
Project("{9A19103F-16F7-4668-BE54-9A1E7A4F7556}") = "Discount.Grpc", "Services\Discount\Discount.Grpc\Discount.Grpc.csproj", "{4632D703-EDE2-4C69-85A2-97F23C8543BE}"
EndProject
Global
	GlobalSection(SolutionConfigurationPlatforms) = preSolution
		Debug|Any CPU = Debug|Any CPU
		Release|Any CPU = Release|Any CPU
	EndGlobalSection
	GlobalSection(ProjectConfigurationPlatforms) = postSolution
		{F8CF4A87-00EE-43EC-BF9B-DCEECEE741A7}.Debug|Any CPU.ActiveCfg = Debug|Any CPU
		{F8CF4A87-00EE-43EC-BF9B-DCEECEE741A7}.Debug|Any CPU.Build.0 = Debug|Any CPU
		{F8CF4A87-00EE-43EC-BF9B-DCEECEE741A7}.Release|Any CPU.ActiveCfg = Release|Any CPU
		{F8CF4A87-00EE-43EC-BF9B-DCEECEE741A7}.Release|Any CPU.Build.0 = Release|Any CPU
		{44CA9EB8-7227-4E65-8B2A-E6DA8CB81D42}.Debug|Any CPU.ActiveCfg = Debug|Any CPU
		{44CA9EB8-7227-4E65-8B2A-E6DA8CB81D42}.Debug|Any CPU.Build.0 = Debug|Any CPU
		{44CA9EB8-7227-4E65-8B2A-E6DA8CB81D42}.Release|Any CPU.ActiveCfg = Release|Any CPU
		{44CA9EB8-7227-4E65-8B2A-E6DA8CB81D42}.Release|Any CPU.Build.0 = Release|Any CPU
		{AD2CD31E-F9CD-45E5-8CBB-DB27E171120F}.Debug|Any CPU.ActiveCfg = Debug|Any CPU
		{AD2CD31E-F9CD-45E5-8CBB-DB27E171120F}.Debug|Any CPU.Build.0 = Debug|Any CPU
		{AD2CD31E-F9CD-45E5-8CBB-DB27E171120F}.Release|Any CPU.ActiveCfg = Release|Any CPU
		{AD2CD31E-F9CD-45E5-8CBB-DB27E171120F}.Release|Any CPU.Build.0 = Release|Any CPU
		{18666365-388D-46B2-B912-31EE9DA913D6}.Debug|Any CPU.ActiveCfg = Debug|Any CPU
		{18666365-388D-46B2-B912-31EE9DA913D6}.Debug|Any CPU.Build.0 = Debug|Any CPU
		{18666365-388D-46B2-B912-31EE9DA913D6}.Release|Any CPU.ActiveCfg = Release|Any CPU
		{18666365-388D-46B2-B912-31EE9DA913D6}.Release|Any CPU.Build.0 = Release|Any CPU
		{93D58F10-AD4B-4CB4-9542-344B136586BA}.Debug|Any CPU.ActiveCfg = Debug|Any CPU
		{93D58F10-AD4B-4CB4-9542-344B136586BA}.Debug|Any CPU.Build.0 = Debug|Any CPU
		{93D58F10-AD4B-4CB4-9542-344B136586BA}.Release|Any CPU.ActiveCfg = Release|Any CPU
		{93D58F10-AD4B-4CB4-9542-344B136586BA}.Release|Any CPU.Build.0 = Release|Any CPU
		{EDEACECA-72DC-4534-909B-7E92AA89F724}.Debug|Any CPU.ActiveCfg = Debug|Any CPU
		{EDEACECA-72DC-4534-909B-7E92AA89F724}.Debug|Any CPU.Build.0 = Debug|Any CPU
		{EDEACECA-72DC-4534-909B-7E92AA89F724}.Release|Any CPU.ActiveCfg = Release|Any CPU
		{EDEACECA-72DC-4534-909B-7E92AA89F724}.Release|Any CPU.Build.0 = Release|Any CPU
		{A5E6D86A-FE75-432D-B5A0-ADF910CD1C22}.Debug|Any CPU.ActiveCfg = Debug|Any CPU
		{A5E6D86A-FE75-432D-B5A0-ADF910CD1C22}.Debug|Any CPU.Build.0 = Debug|Any CPU
		{A5E6D86A-FE75-432D-B5A0-ADF910CD1C22}.Release|Any CPU.ActiveCfg = Release|Any CPU
		{A5E6D86A-FE75-432D-B5A0-ADF910CD1C22}.Release|Any CPU.Build.0 = Release|Any CPU
		{6B68AF18-5097-4481-9FCA-BA83E9424F03}.Debug|Any CPU.ActiveCfg = Debug|Any CPU
		{6B68AF18-5097-4481-9FCA-BA83E9424F03}.Debug|Any CPU.Build.0 = Debug|Any CPU
		{6B68AF18-5097-4481-9FCA-BA83E9424F03}.Release|Any CPU.ActiveCfg = Release|Any CPU
		{6B68AF18-5097-4481-9FCA-BA83E9424F03}.Release|Any CPU.Build.0 = Release|Any CPU
		{4632D703-EDE2-4C69-85A2-97F23C8543BE}.Debug|Any CPU.ActiveCfg = Debug|Any CPU
		{4632D703-EDE2-4C69-85A2-97F23C8543BE}.Debug|Any CPU.Build.0 = Debug|Any CPU
		{4632D703-EDE2-4C69-85A2-97F23C8543BE}.Release|Any CPU.ActiveCfg = Release|Any CPU
		{4632D703-EDE2-4C69-85A2-97F23C8543BE}.Release|Any CPU.Build.0 = Release|Any CPU
	EndGlobalSection
	GlobalSection(SolutionProperties) = preSolution
		HideSolutionNode = FALSE
	EndGlobalSection
	GlobalSection(NestedProjects) = preSolution
		{DCC709ED-17EE-4277-942F-98C9881F781C} = {9A4F9A23-3F70-4FC2-9B35-A077BF3BAD41}
		{F8CF4A87-00EE-43EC-BF9B-DCEECEE741A7} = {DCC709ED-17EE-4277-942F-98C9881F781C}
		{44CA9EB8-7227-4E65-8B2A-E6DA8CB81D42} = {60A2C8AA-2538-4938-A2BE-537D4FD1F5B1}
		{D9EC266B-E2F9-4943-A66E-8642D3A39A85} = {9A4F9A23-3F70-4FC2-9B35-A077BF3BAD41}
		{18666365-388D-46B2-B912-31EE9DA913D6} = {D9EC266B-E2F9-4943-A66E-8642D3A39A85}
		{CD5877A3-BBE0-4BC1-BEFF-8485C789A809} = {9A4F9A23-3F70-4FC2-9B35-A077BF3BAD41}
		{93D58F10-AD4B-4CB4-9542-344B136586BA} = {CD5877A3-BBE0-4BC1-BEFF-8485C789A809}
		{EDEACECA-72DC-4534-909B-7E92AA89F724} = {CD5877A3-BBE0-4BC1-BEFF-8485C789A809}
		{A5E6D86A-FE75-432D-B5A0-ADF910CD1C22} = {CD5877A3-BBE0-4BC1-BEFF-8485C789A809}
		{6B68AF18-5097-4481-9FCA-BA83E9424F03} = {CD5877A3-BBE0-4BC1-BEFF-8485C789A809}
		{7F562821-439F-4B15-A493-4AADE36FAC4F} = {9A4F9A23-3F70-4FC2-9B35-A077BF3BAD41}
		{4632D703-EDE2-4C69-85A2-97F23C8543BE} = {7F562821-439F-4B15-A493-4AADE36FAC4F}
	EndGlobalSection
	GlobalSection(ExtensibilityGlobals) = postSolution
		SolutionGuid = {1BFDBDB3-A2B2-4662-B15C-A6686EBBC3BE}
	EndGlobalSection
EndGlobal
